
Microsoft Visual Studio Solution File, Format Version 12.00
# Visual Studio Version 17
VisualStudioVersion = 17.0.32112.339
MinimumVisualStudioVersion = 10.0.40219.1
Project("{FAE04EC0-301F-11D3-BF4B-00C04F79EFBC}") = "Titles", "Titles\Titles.csproj", "{7417E705-ED83-4999-8CE7-23EB1813E651}"
EndProject
Project("{FAE04EC0-301F-11D3-BF4B-00C04F79EFBC}") = "AppCore", "AppCore\AppCore.csproj", "{55983B68-6E3D-48D2-922D-DBCEFC4847B2}"
EndProject
Project("{FAE04EC0-301F-11D3-BF4B-00C04F79EFBC}") = "Infrastracture", "Infrastracture\Infrastracture.csproj", "{98B88093-8D24-4835-AAE3-96544B286E7A}"
EndProject
Global
	GlobalSection(SolutionConfigurationPlatforms) = preSolution
		Debug|Any CPU = Debug|Any CPU
		Release|Any CPU = Release|Any CPU
	EndGlobalSection
	GlobalSection(ProjectConfigurationPlatforms) = postSolution
		{7417E705-ED83-4999-8CE7-23EB1813E651}.Debug|Any CPU.ActiveCfg = Debug|Any CPU
		{7417E705-ED83-4999-8CE7-23EB1813E651}.Debug|Any CPU.Build.0 = Debug|Any CPU
		{7417E705-ED83-4999-8CE7-23EB1813E651}.Release|Any CPU.ActiveCfg = Release|Any CPU
		{7417E705-ED83-4999-8CE7-23EB1813E651}.Release|Any CPU.Build.0 = Release|Any CPU
		{55983B68-6E3D-48D2-922D-DBCEFC4847B2}.Debug|Any CPU.ActiveCfg = Debug|Any CPU
		{55983B68-6E3D-48D2-922D-DBCEFC4847B2}.Debug|Any CPU.Build.0 = Debug|Any CPU
		{55983B68-6E3D-48D2-922D-DBCEFC4847B2}.Release|Any CPU.ActiveCfg = Release|Any CPU
		{55983B68-6E3D-48D2-922D-DBCEFC4847B2}.Release|Any CPU.Build.0 = Release|Any CPU
		{98B88093-8D24-4835-AAE3-96544B286E7A}.Debug|Any CPU.ActiveCfg = Debug|Any CPU
		{98B88093-8D24-4835-AAE3-96544B286E7A}.Debug|Any CPU.Build.0 = Debug|Any CPU
		{98B88093-8D24-4835-AAE3-96544B286E7A}.Release|Any CPU.ActiveCfg = Release|Any CPU
		{98B88093-8D24-4835-AAE3-96544B286E7A}.Release|Any CPU.Build.0 = Release|Any CPU
	EndGlobalSection
	GlobalSection(SolutionProperties) = preSolution
		HideSolutionNode = FALSE
	EndGlobalSection
	GlobalSection(ExtensibilityGlobals) = postSolution
		SolutionGuid = {39A20E0C-D843-4337-B4EF-EA39870639A3}
	EndGlobalSection
EndGlobal
